
Microsoft Visual Studio Solution File, Format Version 12.00
# Visual Studio Version 17
VisualStudioVersion = 17.4.33213.308
MinimumVisualStudioVersion = 10.0.40219.1
Project("{FAE04EC0-301F-11D3-BF4B-00C04F79EFBC}") = "2uzd", "2uzd\2uzd.csproj", "{AAE44687-7ACC-48DF-9B5A-6D9C92C1EE28}"
EndProject
Global
	GlobalSection(SolutionConfigurationPlatforms) = preSolution
		Debug|Any CPU = Debug|Any CPU
		Release|Any CPU = Release|Any CPU
	EndGlobalSection
	GlobalSection(ProjectConfigurationPlatforms) = postSolution
		{AAE44687-7ACC-48DF-9B5A-6D9C92C1EE28}.Debug|Any CPU.ActiveCfg = Debug|Any CPU
		{AAE44687-7ACC-48DF-9B5A-6D9C92C1EE28}.Debug|Any CPU.Build.0 = Debug|Any CPU
		{AAE44687-7ACC-48DF-9B5A-6D9C92C1EE28}.Release|Any CPU.ActiveCfg = Release|Any CPU
		{AAE44687-7ACC-48DF-9B5A-6D9C92C1EE28}.Release|Any CPU.Build.0 = Release|Any CPU
	EndGlobalSection
	GlobalSection(SolutionProperties) = preSolution
		HideSolutionNode = FALSE
	EndGlobalSection
	GlobalSection(ExtensibilityGlobals) = postSolution
		SolutionGuid = {86F30F0A-360F-4636-B4EB-D998CF523DA2}
	EndGlobalSection
EndGlobal
